
Microsoft Visual Studio Solution File, Format Version 12.00
# Visual Studio Version 17
VisualStudioVersion = 17.1.32228.430
MinimumVisualStudioVersion = 10.0.40219.1
Project("{FAE04EC0-301F-11D3-BF4B-00C04F79EFBC}") = "Orleans.ShoppingCart.Silo", "Orleans.ShoppingCart.Silo\Orleans.ShoppingCart.Silo.csproj", "{89101AD5-B75F-43B8-A9B0-604859AECFF0}"
EndProject
Project("{FAE04EC0-301F-11D3-BF4B-00C04F79EFBC}") = "Orleans.ShoppingCart.Services", "Orleans.ShoppingCart.Services\Orleans.ShoppingCart.Services.csproj", "{37CA3654-0AB5-4562-95AE-54FADBAAD577}"
EndProject
Project("{FAE04EC0-301F-11D3-BF4B-00C04F79EFBC}") = "Orleans.ShoppingCart.Abstractions", "Orleans.ShoppingCart.Abstractions\Orleans.ShoppingCart.Abstractions.csproj", "{86BCD0BF-64CE-4C1E-9F5A-3A16DAFA68D3}"
EndProject
Project("{FAE04EC0-301F-11D3-BF4B-00C04F79EFBC}") = "Orleans.ShoppingCart.Grains", "Orleans.ShoppingCart.Grains\Orleans.ShoppingCart.Grains.csproj", "{1424AF70-CB15-41A7-8F6B-A889B22D394A}"
EndProject
Global
	GlobalSection(SolutionConfigurationPlatforms) = preSolution
		Debug|Any CPU = Debug|Any CPU
		Release|Any CPU = Release|Any CPU
	EndGlobalSection
	GlobalSection(ProjectConfigurationPlatforms) = postSolution
		{89101AD5-B75F-43B8-A9B0-604859AECFF0}.Debug|Any CPU.ActiveCfg = Debug|Any CPU
		{89101AD5-B75F-43B8-A9B0-604859AECFF0}.Debug|Any CPU.Build.0 = Debug|Any CPU
		{89101AD5-B75F-43B8-A9B0-604859AECFF0}.Release|Any CPU.ActiveCfg = Release|Any CPU
		{89101AD5-B75F-43B8-A9B0-604859AECFF0}.Release|Any CPU.Build.0 = Release|Any CPU
		{37CA3654-0AB5-4562-95AE-54FADBAAD577}.Debug|Any CPU.ActiveCfg = Debug|Any CPU
		{37CA3654-0AB5-4562-95AE-54FADBAAD577}.Debug|Any CPU.Build.0 = Debug|Any CPU
		{37CA3654-0AB5-4562-95AE-54FADBAAD577}.Release|Any CPU.ActiveCfg = Release|Any CPU
		{37CA3654-0AB5-4562-95AE-54FADBAAD577}.Release|Any CPU.Build.0 = Release|Any CPU
		{86BCD0BF-64CE-4C1E-9F5A-3A16DAFA68D3}.Debug|Any CPU.ActiveCfg = Debug|Any CPU
		{86BCD0BF-64CE-4C1E-9F5A-3A16DAFA68D3}.Debug|Any CPU.Build.0 = Debug|Any CPU
		{86BCD0BF-64CE-4C1E-9F5A-3A16DAFA68D3}.Release|Any CPU.ActiveCfg = Release|Any CPU
		{86BCD0BF-64CE-4C1E-9F5A-3A16DAFA68D3}.Release|Any CPU.Build.0 = Release|Any CPU
		{1424AF70-CB15-41A7-8F6B-A889B22D394A}.Debug|Any CPU.ActiveCfg = Debug|Any CPU
		{1424AF70-CB15-41A7-8F6B-A889B22D394A}.Debug|Any CPU.Build.0 = Debug|Any CPU
		{1424AF70-CB15-41A7-8F6B-A889B22D394A}.Release|Any CPU.ActiveCfg = Release|Any CPU
		{1424AF70-CB15-41A7-8F6B-A889B22D394A}.Release|Any CPU.Build.0 = Release|Any CPU
	EndGlobalSection
	GlobalSection(SolutionProperties) = preSolution
		HideSolutionNode = FALSE
	EndGlobalSection
	GlobalSection(ExtensibilityGlobals) = postSolution
		SolutionGuid = {E2B4C02A-4CF8-4599-8BBD-71338EEF9A1F}
	EndGlobalSection
EndGlobal
